// !$*UTF8*$!
{
	archiveVersion = 1;
	classes = {
	};
	objectVersion = 77;
	objects = {

/* Begin PBXContainerItemProxy section */
		6E3DC2C82DCE42D200B90315 /* PBXContainerItemProxy */ = {
			isa = PBXContainerItemProxy;
			containerPortal = 6E3DC2B22DCE42D000B90315 /* Project object */;
			proxyType = 1;
			remoteGlobalIDString = 6E3DC2B92DCE42D000B90315;
			remoteInfo = EcomApp;
		};
		6E3DC2D22DCE42D200B90315 /* PBXContainerItemProxy */ = {
			isa = PBXContainerItemProxy;
			containerPortal = 6E3DC2B22DCE42D000B90315 /* Project object */;
			proxyType = 1;
			remoteGlobalIDString = 6E3DC2B92DCE42D000B90315;
			remoteInfo = EcomApp;
		};
/* End PBXContainerItemProxy section */

/* Begin PBXFileReference section */
		6E3DC2BA2DCE42D000B90315 /* EcomApp.app */ = {isa = PBXFileReference; explicitFileType = wrapper.application; includeInIndex = 0; path = EcomApp.app; sourceTree = BUILT_PRODUCTS_DIR; };
		6E3DC2C72DCE42D200B90315 /* EcomAppTests.xctest */ = {isa = PBXFileReference; explicitFileType = wrapper.cfbundle; includeInIndex = 0; path = EcomAppTests.xctest; sourceTree = BUILT_PRODUCTS_DIR; };
		6E3DC2D12DCE42D200B90315 /* EcomAppUITests.xctest */ = {isa = PBXFileReference; explicitFileType = wrapper.cfbundle; includeInIndex = 0; path = EcomAppUITests.xctest; sourceTree = BUILT_PRODUCTS_DIR; };
/* End PBXFileReference section */

/* Begin PBXFileSystemSynchronizedRootGroup section */
		6E3DC2BC2DCE42D000B90315 /* EcomApp */ = {
			isa = PBXFileSystemSynchronizedRootGroup;
			path = EcomApp;
			sourceTree = "<group>";
		};
		6E3DC2CA2DCE42D200B90315 /* EcomAppTests */ = {
			isa = PBXFileSystemSynchronizedRootGroup;
			path = EcomAppTests;
			sourceTree = "<group>";
		};
		6E3DC2D42DCE42D200B90315 /* EcomAppUITests */ = {
			isa = PBXFileSystemSynchronizedRootGroup;
			path = EcomAppUITests;
			sourceTree = "<group>";
		};
/* End PBXFileSystemSynchronizedRootGroup section */

/* Begin PBXFrameworksBuildPhase section */
		6E3DC2B72DCE42D000B90315 /* Frameworks */ = {
			isa = PBXFrameworksBuildPhase;
			buildActionMask = 2147483647;
			files = (
			);
			runOnlyForDeploymentPostprocessing = 0;
		};
		6E3DC2C42DCE42D200B90315 /* Frameworks */ = {
			isa = PBXFrameworksBuildPhase;
			buildActionMask = 2147483647;
			files = (
			);
			runOnlyForDeploymentPostprocessing = 0;
		};
		6E3DC2CE2DCE42D200B90315 /* Frameworks */ = {
			isa = PBXFrameworksBuildPhase;
			buildActionMask = 2147483647;
			files = (
			);
			runOnlyForDeploymentPostprocessing = 0;
		};
/* End PBXFrameworksBuildPhase section */

/* Begin PBXGroup section */
		6E3DC2B12DCE42D000B90315 = {
			isa = PBXGroup;
			children = (
				6E3DC2BC2DCE42D000B90315 /* EcomApp */,
				6E3DC2CA2DCE42D200B90315 /* EcomAppTests */,
				6E3DC2D42DCE42D200B90315 /* EcomAppUITests */,
				6E3DC2BB2DCE42D000B90315 /* Products */,
			);
			sourceTree = "<group>";
		};
		6E3DC2BB2DCE42D000B90315 /* Products */ = {
			isa = PBXGroup;
			children = (
				6E3DC2BA2DCE42D000B90315 /* EcomApp.app */,
				6E3DC2C72DCE42D200B90315 /* EcomAppTests.xctest */,
				6E3DC2D12DCE42D200B90315 /* EcomAppUITests.xctest */,
			);
			name = Products;
			sourceTree = "<group>";
		};
/* End PBXGroup section */

/* Begin PBXNativeTarget section */
		6E3DC2B92DCE42D000B90315 /* EcomApp */ = {
			isa = PBXNativeTarget;
			buildConfigurationList = 6E3DC2DB2DCE42D200B90315 /* Build configuration list for PBXNativeTarget "EcomApp" */;
			buildPhases = (
				6E3DC2B62DCE42D000B90315 /* Sources */,
				6E3DC2B72DCE42D000B90315 /* Frameworks */,
				6E3DC2B82DCE42D000B90315 /* Resources */,
			);
			buildRules = (
			);
			dependencies = (
			);
			fileSystemSynchronizedGroups = (
				6E3DC2BC2DCE42D000B90315 /* EcomApp */,
			);
			name = EcomApp;
			packageProductDependencies = (
			);
			productName = EcomApp;
			productReference = 6E3DC2BA2DCE42D000B90315 /* EcomApp.app */;
			productType = "com.apple.product-type.application";
		};
		6E3DC2C62DCE42D200B90315 /* EcomAppTests */ = {
			isa = PBXNativeTarget;
			buildConfigurationList = 6E3DC2DE2DCE42D200B90315 /* Build configuration list for PBXNativeTarget "EcomAppTests" */;
			buildPhases = (
				6E3DC2C32DCE42D200B90315 /* Sources */,
				6E3DC2C42DCE42D200B90315 /* Frameworks */,
				6E3DC2C52DCE42D200B90315 /* Resources */,
			);
			buildRules = (
			);
			dependencies = (
				6E3DC2C92DCE42D200B90315 /* PBXTargetDependency */,
			);
			fileSystemSynchronizedGroups = (
				6E3DC2CA2DCE42D200B90315 /* EcomAppTests */,
			);
			name = EcomAppTests;
			packageProductDependencies = (
			);
			productName = EcomAppTests;
			productReference = 6E3DC2C72DCE42D200B90315 /* EcomAppTests.xctest */;
			productType = "com.apple.product-type.bundle.unit-test";
		};
		6E3DC2D02DCE42D200B90315 /* EcomAppUITests */ = {
			isa = PBXNativeTarget;
			buildConfigurationList = 6E3DC2E12DCE42D200B90315 /* Build configuration list for PBXNativeTarget "EcomAppUITests" */;
			buildPhases = (
				6E3DC2CD2DCE42D200B90315 /* Sources */,
				6E3DC2CE2DCE42D200B90315 /* Frameworks */,
				6E3DC2CF2DCE42D200B90315 /* Resources */,
			);
			buildRules = (
			);
			dependencies = (
				6E3DC2D32DCE42D200B90315 /* PBXTargetDependency */,
			);
			fileSystemSynchronizedGroups = (
				6E3DC2D42DCE42D200B90315 /* EcomAppUITests */,
			);
			name = EcomAppUITests;
			packageProductDependencies = (
			);
			productName = EcomAppUITests;
			productReference = 6E3DC2D12DCE42D200B90315 /* EcomAppUITests.xctest */;
			productType = "com.apple.product-type.bundle.ui-testing";
		};
/* End PBXNativeTarget section */

/* Begin PBXProject section */
		6E3DC2B22DCE42D000B90315 /* Project object */ = {
			isa = PBXProject;
			attributes = {
				BuildIndependentTargetsInParallel = 1;
				LastSwiftUpdateCheck = 1630;
				LastUpgradeCheck = 1630;
				TargetAttributes = {
					6E3DC2B92DCE42D000B90315 = {
						CreatedOnToolsVersion = 16.3;
					};
					6E3DC2C62DCE42D200B90315 = {
						CreatedOnToolsVersion = 16.3;
						TestTargetID = 6E3DC2B92DCE42D000B90315;
					};
					6E3DC2D02DCE42D200B90315 = {
						CreatedOnToolsVersion = 16.3;
						TestTargetID = 6E3DC2B92DCE42D000B90315;
					};
				};
			};
			buildConfigurationList = 6E3DC2B52DCE42D000B90315 /* Build configuration list for PBXProject "EcomApp" */;
			developmentRegion = en;
			hasScannedForEncodings = 0;
			knownRegions = (
				en,
				Base,
			);
			mainGroup = 6E3DC2B12DCE42D000B90315;
			minimizedProjectReferenceProxies = 1;
			preferredProjectObjectVersion = 77;
			productRefGroup = 6E3DC2BB2DCE42D000B90315 /* Products */;
			projectDirPath = "";
			projectRoot = "";
			targets = (
				6E3DC2B92DCE42D000B90315 /* EcomApp */,
				6E3DC2C62DCE42D200B90315 /* EcomAppTests */,
				6E3DC2D02DCE42D200B90315 /* EcomAppUITests */,
			);
		};
/* End PBXProject section */

/* Begin PBXResourcesBuildPhase section */
		6E3DC2B82DCE42D000B90315 /* Resources */ = {
			isa = PBXResourcesBuildPhase;
			buildActionMask = 2147483647;
			files = (
			);
			runOnlyForDeploymentPostprocessing = 0;
		};
		6E3DC2C52DCE42D200B90315 /* Resources */ = {
			isa = PBXResourcesBuildPhase;
			buildActionMask = 2147483647;
			files = (
			);
			runOnlyForDeploymentPostprocessing = 0;
		};
		6E3DC2CF2DCE42D200B90315 /* Resources */ = {
			isa = PBXResourcesBuildPhase;
			buildActionMask = 2147483647;
			files = (
			);
			runOnlyForDeploymentPostprocessing = 0;
		};
/* End PBXResourcesBuildPhase section */

/* Begin PBXSourcesBuildPhase section */
		6E3DC2B62DCE42D000B90315 /* Sources */ = {
			isa = PBXSourcesBuildPhase;
			buildActionMask = 2147483647;
			files = (
			);
			runOnlyForDeploymentPostprocessing = 0;
		};
		6E3DC2C32DCE42D200B90315 /* Sources */ = {
			isa = PBXSourcesBuildPhase;
			buildActionMask = 2147483647;
			files = (
			);
			runOnlyForDeploymentPostprocessing = 0;
		};
		6E3DC2CD2DCE42D200B90315 /* Sources */ = {
			isa = PBXSourcesBuildPhase;
			buildActionMask = 2147483647;
			files = (
			);
			runOnlyForDeploymentPostprocessing = 0;
		};
/* End PBXSourcesBuildPhase section */

/* Begin PBXTargetDependency section */
		6E3DC2C92DCE42D200B90315 /* PBXTargetDependency */ = {
			isa = PBXTargetDependency;
			target = 6E3DC2B92DCE42D000B90315 /* EcomApp */;
			targetProxy = 6E3DC2C82DCE42D200B90315 /* PBXContainerItemProxy */;
		};
		6E3DC2D32DCE42D200B90315 /* PBXTargetDependency */ = {
			isa = PBXTargetDependency;
			target = 6E3DC2B92DCE42D000B90315 /* EcomApp */;
			targetProxy = 6E3DC2D22DCE42D200B90315 /* PBXContainerItemProxy */;
		};
/* End PBXTargetDependency section */

/* Begin XCBuildConfiguration section */
		6E3DC2D92DCE42D200B90315 /* Debug */ = {
			isa = XCBuildConfiguration;
			buildSettings = {
				ALWAYS_SEARCH_USER_PATHS = NO;
				ASSETCATALOG_COMPILER_GENERATE_SWIFT_ASSET_SYMBOL_EXTENSIONS = YES;
				CLANG_ANALYZER_NONNULL = YES;
				CLANG_ANALYZER_NUMBER_OBJECT_CONVERSION = YES_AGGRESSIVE;
				CLANG_CXX_LANGUAGE_STANDARD = "gnu++20";
				CLANG_ENABLE_MODULES = YES;
				CLANG_ENABLE_OBJC_ARC = YES;
				CLANG_ENABLE_OBJC_WEAK = YES;
				CLANG_WARN_BLOCK_CAPTURE_AUTORELEASING = YES;
				CLANG_WARN_BOOL_CONVERSION = YES;
				CLANG_WARN_COMMA = YES;
				CLANG_WARN_CONSTANT_CONVERSION = YES;
				CLANG_WARN_DEPRECATED_OBJC_IMPLEMENTATIONS = YES;
				CLANG_WARN_DIRECT_OBJC_ISA_USAGE = YES_ERROR;
				CLANG_WARN_DOCUMENTATION_COMMENTS = YES;
				CLANG_WARN_EMPTY_BODY = YES;
				CLANG_WARN_ENUM_CONVERSION = YES;
				CLANG_WARN_INFINITE_RECURSION = YES;
				CLANG_WARN_INT_CONVERSION = YES;
				CLANG_WARN_NON_LITERAL_NULL_CONVERSION = YES;
				CLANG_WARN_OBJC_IMPLICIT_RETAIN_SELF = YES;
				CLANG_WARN_OBJC_LITERAL_CONVERSION = YES;
				CLANG_WARN_OBJC_ROOT_CLASS = YES_ERROR;
				CLANG_WARN_QUOTED_INCLUDE_IN_FRAMEWORK_HEADER = YES;
				CLANG_WARN_RANGE_LOOP_ANALYSIS = YES;
				CLANG_WARN_STRICT_PROTOTYPES = YES;
				CLANG_WARN_SUSPICIOUS_MOVE = YES;
				CLANG_WARN_UNGUARDED_AVAILABILITY = YES_AGGRESSIVE;
				CLANG_WARN_UNREACHABLE_CODE = YES;
				CLANG_WARN__DUPLICATE_METHOD_MATCH = YES;
				COPY_PHASE_STRIP = NO;
				DEBUG_INFORMATION_FORMAT = dwarf;
				DEVELOPMENT_TEAM = 434W4NYSB5;
				ENABLE_STRICT_OBJC_MSGSEND = YES;
				ENABLE_TESTABILITY = YES;
				ENABLE_USER_SCRIPT_SANDBOXING = YES;
				GCC_C_LANGUAGE_STANDARD = gnu17;
				GCC_DYNAMIC_NO_PIC = NO;
				GCC_NO_COMMON_BLOCKS = YES;
				GCC_OPTIMIZATION_LEVEL = 0;
				GCC_PREPROCESSOR_DEFINITIONS = (
					"DEBUG=1",
					"$(inherited)",
				);
				GCC_WARN_64_TO_32_BIT_CONVERSION = YES;
				GCC_WARN_ABOUT_RETURN_TYPE = YES_ERROR;
				GCC_WARN_UNDECLARED_SELECTOR = YES;
				GCC_WARN_UNINITIALIZED_AUTOS = YES_AGGRESSIVE;
				GCC_WARN_UNUSED_FUNCTION = YES;
				GCC_WARN_UNUSED_VARIABLE = YES;
				IPHONEOS_DEPLOYMENT_TARGET = 18.4;
				LOCALIZATION_PREFERS_STRING_CATALOGS = YES;
				MTL_ENABLE_DEBUG_INFO = INCLUDE_SOURCE;
				MTL_FAST_MATH = YES;
				ONLY_ACTIVE_ARCH = YES;
				SDKROOT = iphoneos;
				SWIFT_ACTIVE_COMPILATION_CONDITIONS = "DEBUG $(inherited)";
				SWIFT_OPTIMIZATION_LEVEL = "-Onone";
			};
			name = Debug;
		};
		6E3DC2DA2DCE42D200B90315 /* Release */ = {
			isa = XCBuildConfiguration;
			buildSettings = {
				ALWAYS_SEARCH_USER_PATHS = NO;
				ASSETCATALOG_COMPILER_GENERATE_SWIFT_ASSET_SYMBOL_EXTENSIONS = YES;
				CLANG_ANALYZER_NONNULL = YES;
				CLANG_ANALYZER_NUMBER_OBJECT_CONVERSION = YES_AGGRESSIVE;
				CLANG_CXX_LANGUAGE_STANDARD = "gnu++20";
				CLANG_ENABLE_MODULES = YES;
				CLANG_ENABLE_OBJC_ARC = YES;
				CLANG_ENABLE_OBJC_WEAK = YES;
				CLANG_WARN_BLOCK_CAPTURE_AUTORELEASING = YES;
				CLANG_WARN_BOOL_CONVERSION = YES;
				CLANG_WARN_COMMA = YES;
				CLANG_WARN_CONSTANT_CONVERSION = YES;
				CLANG_WARN_DEPRECATED_OBJC_IMPLEMENTATIONS = YES;
				CLANG_WARN_DIRECT_OBJC_ISA_USAGE = YES_ERROR;
				CLANG_WARN_DOCUMENTATION_COMMENTS = YES;
				CLANG_WARN_EMPTY_BODY = YES;
				CLANG_WARN_ENUM_CONVERSION = YES;
				CLANG_WARN_INFINITE_RECURSION = YES;
				CLANG_WARN_INT_CONVERSION = YES;
				CLANG_WARN_NON_LITERAL_NULL_CONVERSION = YES;
				CLANG_WARN_OBJC_IMPLICIT_RETAIN_SELF = YES;
				CLANG_WARN_OBJC_LITERAL_CONVERSION = YES;
				CLANG_WARN_OBJC_ROOT_CLASS = YES_ERROR;
				CLANG_WARN_QUOTED_INCLUDE_IN_FRAMEWORK_HEADER = YES;
				CLANG_WARN_RANGE_LOOP_ANALYSIS = YES;
				CLANG_WARN_STRICT_PROTOTYPES = YES;
				CLANG_WARN_SUSPICIOUS_MOVE = YES;
				CLANG_WARN_UNGUARDED_AVAILABILITY = YES_AGGRESSIVE;
				CLANG_WARN_UNREACHABLE_CODE = YES;
				CLANG_WARN__DUPLICATE_METHOD_MATCH = YES;
				COPY_PHASE_STRIP = NO;
				DEBUG_INFORMATION_FORMAT = "dwarf-with-dsym";
				DEVELOPMENT_TEAM = 434W4NYSB5;
				ENABLE_NS_ASSERTIONS = NO;
				ENABLE_STRICT_OBJC_MSGSEND = YES;
				ENABLE_USER_SCRIPT_SANDBOXING = YES;
				GCC_C_LANGUAGE_STANDARD = gnu17;
				GCC_NO_COMMON_BLOCKS = YES;
				GCC_WARN_64_TO_32_BIT_CONVERSION = YES;
				GCC_WARN_ABOUT_RETURN_TYPE = YES_ERROR;
				GCC_WARN_UNDECLARED_SELECTOR = YES;
				GCC_WARN_UNINITIALIZED_AUTOS = YES_AGGRESSIVE;
				GCC_WARN_UNUSED_FUNCTION = YES;
				GCC_WARN_UNUSED_VARIABLE = YES;
				IPHONEOS_DEPLOYMENT_TARGET = 18.4;
				LOCALIZATION_PREFERS_STRING_CATALOGS = YES;
				MTL_ENABLE_DEBUG_INFO = NO;
				MTL_FAST_MATH = YES;
				SDKROOT = iphoneos;
				SWIFT_COMPILATION_MODE = wholemodule;
				VALIDATE_PRODUCT = YES;
			};
			name = Release;
		};
		6E3DC2DC2DCE42D200B90315 /* Debug */ = {
			isa = XCBuildConfiguration;
			buildSettings = {
				ASSETCATALOG_COMPILER_APPICON_NAME = AppIcon;
				ASSETCATALOG_COMPILER_GLOBAL_ACCENT_COLOR_NAME = AccentColor;
				CODE_SIGN_STYLE = Automatic;
				CURRENT_PROJECT_VERSION = 1;
				DEVELOPMENT_TEAM = 434W4NYSB5;
				ENABLE_PREVIEWS = YES;
				GENERATE_INFOPLIST_FILE = YES;
				INFOPLIST_KEY_UIApplicationSceneManifest_Generation = YES;
				INFOPLIST_KEY_UIApplicationSupportsIndirectInputEvents = YES;
				INFOPLIST_KEY_UILaunchScreen_Generation = YES;
				INFOPLIST_KEY_UISupportedInterfaceOrientations_iPad = "UIInterfaceOrientationPortrait UIInterfaceOrientationPortraitUpsideDown UIInterfaceOrientationLandscapeLeft UIInterfaceOrientationLandscapeRight";
				INFOPLIST_KEY_UISupportedInterfaceOrientations_iPhone = "UIInterfaceOrientationPortrait UIInterfaceOrientationLandscapeLeft UIInterfaceOrientationLandscapeRight";
				LD_RUNPATH_SEARCH_PATHS = (
					"$(inherited)",
					"@executable_path/Frameworks",
				);
				MARKETING_VERSION = 1.0;
				PRODUCT_BUNDLE_IDENTIFIER = com.xzeu.EcomApp;
				PRODUCT_NAME = "$(TARGET_NAME)";
				SWIFT_EMIT_LOC_STRINGS = YES;
				SWIFT_VERSION = 5.0;
				TARGETED_DEVICE_FAMILY = "1,2";
			};
			name = Debug;
		};
		6E3DC2DD2DCE42D200B90315 /* Release */ = {
			isa = XCBuildConfiguration;
			buildSettings = {
				ASSETCATALOG_COMPILER_APPICON_NAME = AppIcon;
				ASSETCATALOG_COMPILER_GLOBAL_ACCENT_COLOR_NAME = AccentColor;
				CODE_SIGN_STYLE = Automatic;
				CURRENT_PROJECT_VERSION = 1;
				DEVELOPMENT_TEAM = 434W4NYSB5;
				ENABLE_PREVIEWS = YES;
				GENERATE_INFOPLIST_FILE = YES;
				INFOPLIST_KEY_UIApplicationSceneManifest_Generation = YES;
				INFOPLIST_KEY_UIApplicationSupportsIndirectInputEvents = YES;
				INFOPLIST_KEY_UILaunchScreen_Generation = YES;
				INFOPLIST_KEY_UISupportedInterfaceOrientations_iPad = "UIInterfaceOrientationPortrait UIInterfaceOrientationPortraitUpsideDown UIInterfaceOrientationLandscapeLeft UIInterfaceOrientationLandscapeRight";
				INFOPLIST_KEY_UISupportedInterfaceOrientations_iPhone = "UIInterfaceOrientationPortrait UIInterfaceOrientationLandscapeLeft UIInterfaceOrientationLandscapeRight";
				LD_RUNPATH_SEARCH_PATHS = (
					"$(inherited)",
					"@executable_path/Frameworks",
				);
				MARKETING_VERSION = 1.0;
				PRODUCT_BUNDLE_IDENTIFIER = com.xzeu.EcomApp;
				PRODUCT_NAME = "$(TARGET_NAME)";
				SWIFT_EMIT_LOC_STRINGS = YES;
				SWIFT_VERSION = 5.0;
				TARGETED_DEVICE_FAMILY = "1,2";
			};
			name = Release;
		};
		6E3DC2DF2DCE42D200B90315 /* Debug */ = {
			isa = XCBuildConfiguration;
			buildSettings = {
				BUNDLE_LOADER = "$(TEST_HOST)";
				CODE_SIGN_STYLE = Automatic;
				CURRENT_PROJECT_VERSION = 1;
				DEVELOPMENT_TEAM = 434W4NYSB5;
				GENERATE_INFOPLIST_FILE = YES;
				IPHONEOS_DEPLOYMENT_TARGET = 18.4;
				MARKETING_VERSION = 1.0;
				PRODUCT_BUNDLE_IDENTIFIER = com.xzeu.EcomAppTests;
				PRODUCT_NAME = "$(TARGET_NAME)";
				SWIFT_EMIT_LOC_STRINGS = NO;
				SWIFT_VERSION = 5.0;
				TARGETED_DEVICE_FAMILY = "1,2";
				TEST_HOST = "$(BUILT_PRODUCTS_DIR)/EcomApp.app/$(BUNDLE_EXECUTABLE_FOLDER_PATH)/EcomApp";
			};
			name = Debug;
		};
		6E3DC2E02DCE42D200B90315 /* Release */ = {
			isa = XCBuildConfiguration;
			buildSettings = {
				BUNDLE_LOADER = "$(TEST_HOST)";
				CODE_SIGN_STYLE = Automatic;
				CURRENT_PROJECT_VERSION = 1;
				DEVELOPMENT_TEAM = 434W4NYSB5;
				GENERATE_INFOPLIST_FILE = YES;
				IPHONEOS_DEPLOYMENT_TARGET = 18.4;
				MARKETING_VERSION = 1.0;
				PRODUCT_BUNDLE_IDENTIFIER = com.xzeu.EcomAppTests;
				PRODUCT_NAME = "$(TARGET_NAME)";
				SWIFT_EMIT_LOC_STRINGS = NO;
				SWIFT_VERSION = 5.0;
				TARGETED_DEVICE_FAMILY = "1,2";
				TEST_HOST = "$(BUILT_PRODUCTS_DIR)/EcomApp.app/$(BUNDLE_EXECUTABLE_FOLDER_PATH)/EcomApp";
			};
			name = Release;
		};
		6E3DC2E22DCE42D200B90315 /* Debug */ = {
			isa = XCBuildConfiguration;
			buildSettings = {
				CODE_SIGN_STYLE = Automatic;
				CURRENT_PROJECT_VERSION = 1;
				DEVELOPMENT_TEAM = 434W4NYSB5;
				GENERATE_INFOPLIST_FILE = YES;
				MARKETING_VERSION = 1.0;
				PRODUCT_BUNDLE_IDENTIFIER = com.xzeu.EcomAppUITests;
				PRODUCT_NAME = "$(TARGET_NAME)";
				SWIFT_EMIT_LOC_STRINGS = NO;
				SWIFT_VERSION = 5.0;
				TARGETED_DEVICE_FAMILY = "1,2";
				TEST_TARGET_NAME = EcomApp;
			};
			name = Debug;
		};
		6E3DC2E32DCE42D200B90315 /* Release */ = {
			isa = XCBuildConfiguration;
			buildSettings = {
				CODE_SIGN_STYLE = Automatic;
				CURRENT_PROJECT_VERSION = 1;
				DEVELOPMENT_TEAM = 434W4NYSB5;
				GENERATE_INFOPLIST_FILE = YES;
				MARKETING_VERSION = 1.0;
				PRODUCT_BUNDLE_IDENTIFIER = com.xzeu.EcomAppUITests;
				PRODUCT_NAME = "$(TARGET_NAME)";
				SWIFT_EMIT_LOC_STRINGS = NO;
				SWIFT_VERSION = 5.0;
				TARGETED_DEVICE_FAMILY = "1,2";
				TEST_TARGET_NAME = EcomApp;
			};
			name = Release;
		};
/* End XCBuildConfiguration section */

/* Begin XCConfigurationList section */
		6E3DC2B52DCE42D000B90315 /* Build configuration list for PBXProject "EcomApp" */ = {
			isa = XCConfigurationList;
			buildConfigurations = (
				6E3DC2D92DCE42D200B90315 /* Debug */,
				6E3DC2DA2DCE42D200B90315 /* Release */,
			);
			defaultConfigurationIsVisible = 0;
			defaultConfigurationName = Release;
		};
		6E3DC2DB2DCE42D200B90315 /* Build configuration list for PBXNativeTarget "EcomApp" */ = {
			isa = XCConfigurationList;
			buildConfigurations = (
				6E3DC2DC2DCE42D200B90315 /* Debug */,
				6E3DC2DD2DCE42D200B90315 /* Release */,
			);
			defaultConfigurationIsVisible = 0;
			defaultConfigurationName = Release;
		};
		6E3DC2DE2DCE42D200B90315 /* Build configuration list for PBXNativeTarget "EcomAppTests" */ = {
			isa = XCConfigurationList;
			buildConfigurations = (
				6E3DC2DF2DCE42D200B90315 /* Debug */,
				6E3DC2E02DCE42D200B90315 /* Release */,
			);
			defaultConfigurationIsVisible = 0;
			defaultConfigurationName = Release;
		};
		6E3DC2E12DCE42D200B90315 /* Build configuration list for PBXNativeTarget "EcomAppUITests" */ = {
			isa = XCConfigurationList;
			buildConfigurations = (
				6E3DC2E22DCE42D200B90315 /* Debug */,
				6E3DC2E32DCE42D200B90315 /* Release */,
			);
			defaultConfigurationIsVisible = 0;
			defaultConfigurationName = Release;
		};
/* End XCConfigurationList section */
	};
	rootObject = 6E3DC2B22DCE42D000B90315 /* Project object */;
}
